
Microsoft Visual Studio Solution File, Format Version 12.00
# Visual Studio 15
VisualStudioVersion = 15.0.27004.2002
MinimumVisualStudioVersion = 10.0.40219.1
Project("{FAE04EC0-301F-11D3-BF4B-00C04F79EFBC}") = "Option.Tests", "..\..\tests\Option.Tests\Option.Tests.csproj", "{701FF69B-E4B9-431D-96D2-599B28CE6599}"
EndProject
Project("{9A19103F-16F7-4668-BE54-9A1E7A4F7556}") = "Option", "Option.csproj", "{C4D8570F-74F2-49D6-AD9B-26519C1585CA}"
EndProject
Global
	GlobalSection(SolutionConfigurationPlatforms) = preSolution
		Debug|Any CPU = Debug|Any CPU
		Release|Any CPU = Release|Any CPU
	EndGlobalSection
	GlobalSection(ProjectConfigurationPlatforms) = postSolution
		{701FF69B-E4B9-431D-96D2-599B28CE6599}.Debug|Any CPU.ActiveCfg = Debug|Any CPU
		{701FF69B-E4B9-431D-96D2-599B28CE6599}.Debug|Any CPU.Build.0 = Debug|Any CPU
		{701FF69B-E4B9-431D-96D2-599B28CE6599}.Release|Any CPU.ActiveCfg = Release|Any CPU
		{701FF69B-E4B9-431D-96D2-599B28CE6599}.Release|Any CPU.Build.0 = Release|Any CPU
		{C4D8570F-74F2-49D6-AD9B-26519C1585CA}.Debug|Any CPU.ActiveCfg = Debug|Any CPU
		{C4D8570F-74F2-49D6-AD9B-26519C1585CA}.Debug|Any CPU.Build.0 = Debug|Any CPU
		{C4D8570F-74F2-49D6-AD9B-26519C1585CA}.Release|Any CPU.ActiveCfg = Release|Any CPU
		{C4D8570F-74F2-49D6-AD9B-26519C1585CA}.Release|Any CPU.Build.0 = Release|Any CPU
	EndGlobalSection
	GlobalSection(SolutionProperties) = preSolution
		HideSolutionNode = FALSE
	EndGlobalSection
	GlobalSection(ExtensibilityGlobals) = postSolution
		SolutionGuid = {78DFE719-4A64-46FF-B615-95F0CF185FEC}
	EndGlobalSection
EndGlobal
